github.com/anti-raid/shellcli v0.0.0-20240922163934-c40dccc0267e h1:1u1aQ+/1krpC1t4Fj6Y8J95oK9NVQ56paUqzf5AR1Lc=
github.com/anti-raid/shellcli v0.0.0-20240922163934-c40dccc0267e/go.mod h1:L+MCk93Nc3QkXDvCeDJH5FezYxXpRCU5lL+/KyKiei4=
github.com/anti-raid/shellcli v0.0.0-20240922182608-506d7f162d03 h1:tzlE/Ly+maU9yEFWh1e9ZWBE8Be3FVQ3dlODDppaF0s=
github.com/anti-raid/shellcli v0.0.0-20240922182608-506d7f162d03/go.mod h1:L+MCk93Nc3QkXDvCeDJH5FezYxXpRCU5lL+/KyKiei4=
github.com/anti-raid/shellcli v0.0.0-20240922182744-45c85c7479ce h1:1ZBHI+4zM4fzkgai3C0lKaOzttKbEqsZaRpTrQpaMe0=
github.com/anti-raid/shellcli v0.0.0-20240922182744-45c85c7479ce/go.mod h1:L+MCk93Nc3QkXDvCeDJH5FezYxXpRCU5lL+/KyKiei4=
github.com/anti-raid/shellcli v0.0.0-20240922182957-a6e2d2c7d61d h1:Sj+nV1QhDMP5+qhM909SyXcn8VnXEQ54ZO3RhrK5sCQ=
github.com/anti-raid/shellcli v0.0.0-20240922182957-a6e2d2c7d61d/go.mod h1:L+MCk93Nc3QkXDvCeDJH5FezYxXpRCU5lL+/KyKiei4=
github.com/anti-raid/shellcli v0.0.0-20240922183037-b0f8a78c2512 h1:65ajEHQDu+dQ0MaeBQ07DSlbxAa0TrQ3075tbkoa0a4=
github.com/anti-raid/shellcli v0.0.0-20240922183037-b0f8a78c2512/go.mod h1:L+MCk93Nc3QkXDvCeDJH5FezYxXpRCU5lL+/KyKiei4=
github.com/anti-raid/shellcli v0.0.0-20240922183134-60e013a016c8 h1:wiKOUBnMD0kx9CebxrIMHA5nSe+qfiC0r43EtFaGbME=
github.com/anti-raid/shellcli v0.0.0-20240922183134-60e013a016c8/go.mod h1:L+MCk93Nc3QkXDvCeDJH5FezYxXpRCU5lL+/KyKiei4=
github.com/anti-raid/shellcli v0.0.0-20240922183347-b14af8cf9edc h1:8/nHPN2w1JGgQ6TdYNhaa0SUSqcxxVWeU2MlAY1YbN8=
github.com/anti-raid/shellcli v0.0.0-20240922183347-b14af8cf9edc/go.mod h1:L+MCk93Nc3QkXDvCeDJH5FezYxXpRCU5lL+/KyKiei4=
github.com/anti-raid/shellcli v0.0.0-20240922183448-8add93bd89d1 h1:m/df86rzhKGTIouKUm4CBPkUJGZ1l9r37Wf9cmOLcuo=
github.com/anti-raid/shellcli v0.0.0-20240922183448-8add93bd89d1/go.mod h1:L+MCk93Nc3QkXDvCeDJH5FezYxXpRCU5lL+/KyKiei4=
github.com/anti-raid/shellcli v0.0.0-20240922183624-881d9e31b885 h1:OVSopo4zsl+Ad8MOCn11hgVoJAfqJwdbDfAw9e5y0Pk=
github.com/anti-raid/shellcli v0.0.0-20240922183624-881d9e31b885/go.mod h1:L+MCk93Nc3QkXDvCeDJH5FezYxXpRCU5lL+/KyKiei4=
github.com/anti-raid/shellcli v0.0.0-20240922183754-a6e1a3d5834b h1:5xNF6sOaJj2DXa3Tourh3uQ509qX1ofopUt6WkYbD/s=
github.com/anti-raid/shellcli v0.0.0-20240922183754-a6e1a3d5834b/go.mod h1:L+MCk93Nc3QkXDvCeDJH5FezYxXpRCU5lL+/KyKiei4=
github.com/anti-raid/shellcli v0.0.0-20240922183924-503c1703c70d h1:55NPgfAO8mnF4T1TMD9Gg5dOiuhgAoWN/lS3Aoo6DDQ=
github.com/anti-raid/shellcli v0.0.0-20240922183924-503c1703c70d/go.mod h1:L+MCk93Nc3QkXDvCeDJH5FezYxXpRCU5lL+/KyKiei4=
github.com/anti-raid/shellcli v0.0.0-20240922184104-e1c0625bc550 h1:ZFQ4bPXDOKD5xiVxr1aBZqIURgdFOUWoK28We0rN0JI=
github.com/anti-raid/shellcli v0.0.0-20240922184104-e1c0625bc550/go.mod h1:L+MCk93Nc3QkXDvCeDJH5FezYxXpRCU5lL+/KyKiei4=
github.com/anti-raid/shellcli v0.0.0-20240922184148-1c08688bf623 h1:YYTM9ntskZpIguo6jcylM+8rkUxsBgnZfsXjuwH2MnQ=
github.com/anti-raid/shellcli v0.0.0-20240922184148-1c08688bf623/go.mod h1:L+MCk93Nc3QkXDvCeDJH5FezYxXpRCU5lL+/KyKiei4=
github.com/anti-raid/shellcli v0.0.0-20240922184326-e09333fa5550 h1:M7Ve+pMsY0PZeI92ZHDlU1ObBEjE+Q4RRuEZQpT7i88=
github.com/anti-raid/shellcli v0.0.0-20240922184326-e09333fa5550/go.mod h1:L+MCk93Nc3QkXDvCeDJH5FezYxXpRCU5lL+/KyKiei4=
github.com/anti-raid/shellcli v0.0.0-20240922184528-8c5b4d93c9ee h1:ANg4fJtnfEoJEM4Z3O/FxiIVmOd2rmpjxyxgjx/xFKw=
github.com/anti-raid/shellcli v0.0.0-20240922184528-8c5b4d93c9ee/go.mod h1:L+MCk93Nc3QkXDvCeDJH5FezYxXpRCU5lL+/KyKiei4=
github.com/anti-raid/shellcli v0.0.0-20240922184744-bfd4da7b225d h1:p8Os4PYFKz6FubRXXH2cxMzpN2o6rO0gzCxiEdevtlA=
github.com/anti-raid/shellcli v0.0.0-20240922184744-bfd4da7b225d/go.mod h1:L+MCk93Nc3QkXDvCeDJH5FezYxXpRCU5lL+/KyKiei4=
github.com/anti-raid/shellcli v0.0.0-20240922184906-a9cff3cb3ac0 h1:G0CS2RoUljkRIOv1zrL626qzecFDV0d6b4xRUyHox1s=
github.com/anti-raid/shellcli v0.0.0-20240922184906-a9cff3cb3ac0/go.mod h1:L+MCk93Nc3QkXDvCeDJH5FezYxXpRCU5lL+/KyKiei4=
github.com/anti-raid/shellcli v0.0.0-20240922185024-fe101cfaefc9 h1:8J2jfnF4N0cIJOSRdQX3y6KNoijZzIp4sEhjUlDNkZ0=
github.com/anti-raid/shellcli v0.0.0-20240922185024-fe101cfaefc9/go.mod h1:L+MCk93Nc3QkXDvCeDJH5FezYxXpRCU5lL+/KyKiei4=
github.com/anti-raid/shellcli v0.0.0-20240922185320-bc030c0404a5 h1:99SZOi8CLOVfbdlLh/pAETTei0VZv7ruTizk+rJLtms=
github.com/anti-raid/shellcli v0.0.0-20240922185320-bc030c0404a5/go.mod h1:L+MCk93Nc3QkXDvCeDJH5FezYxXpRCU5lL+/KyKiei4=
github.com/anti-raid/shellcli v0.0.0-20240922185417-ef9673831860 h1:S9dA7aGjZxzy63cOW3ZEGNaMCjMRtUcu9gmZzy7PEfQ=
github.com/anti-raid/shellcli v0.0.0-20240922185417-ef9673831860/go.mod h1:L+MCk93Nc3QkXDvCeDJH5FezYxXpRCU5lL+/KyKiei4=
github.com/anti-raid/shellcli v0.0.0-20240922185634-fd6e77fda5fd h1:hiseahjEHCcfY2NgOJekfSNul5jrGMOZx6M9ANbxHKs=
github.com/anti-raid/shellcli v0.0.0-20240922185634-fd6e77fda5fd/go.mod h1:L+MCk93Nc3QkXDvCeDJH5FezYxXpRCU5lL+/KyKiei4=
github.com/anti-raid/shellcli v0.0.0-20240923013005-fd663c2acb7a h1:WeVjcuSPem39AguXwU9mrLU1BslXiUI5imJ8pCHWSEc=
github.com/anti-raid/shellcli v0.0.0-20240923013005-fd663c2acb7a/go.mod h1:L+MCk93Nc3QkXDvCeDJH5FezYxXpRCU5lL+/KyKiei4=
github.com/anti-raid/shellcli v0.0.0-20240923152553-d3fa4be8f3ca h1:NXM8mrsJOZdUaT+M1cLJD9iLCTXWKhPME2EP/Zi9kPM=
github.com/anti-raid/shellcli v0.0.0-20240923152553-d3fa4be8f3ca/go.mod h1:L+MCk93Nc3QkXDvCeDJH5FezYxXpRCU5lL+/KyKiei4=
github.com/anti-raid/shellcli v0.0.0-20240923155058-0c90ae38ea82 h1:sYTgd50aYiXHIwbQe58syoQWHqvl2UoBVcPrWh713Pw=
github.com/anti-raid/shellcli v0.0.0-20240923155058-0c90ae38ea82/go.mod h1:L+MCk93Nc3QkXDvCeDJH5FezYxXpRCU5lL+/KyKiei4=
github.com/anti-raid/spintrack v0.1.12 h1:5Cgnp8jthOcn/V+I8giPsZ2TN+4+irlBFLM9+EU1vzs=
github.com/anti-raid/spintrack v0.1.12/go.mod h1:+fYvesbYhl+SybsBJO4A6S5zrFHSTgLL28Ut2NZxqYs=
github.com/anti-raid/spintrack v0.13.0 h1:mLL2+ruezMK9dz+sOrZuqXb6Ch8s23YW3gB/fLknLOQ=
github.com/anti-raid/spintrack v0.13.0/go.mod h1:+fYvesbYhl+SybsBJO4A6S5zrFHSTgLL28Ut2NZxqYs=
github.com/anti-raid/spintrack v0.14.0 h1:K3jRY7iiaLTA09o0172ewpOz17Wb7SsHViBVWqE6EYU=
github.com/anti-raid/spintrack v0.14.0/go.mod h1:+fYvesbYhl+SybsBJO4A6S5zrFHSTgLL28Ut2NZxqYs=
github.com/anti-raid/spintrack v0.15.0 h1:ar+ZonoVdF7l3YPwL3/IzmZUhLyJneRwAcfrGQ1f4i4=
github.com/anti-raid/spintrack v0.15.0/go.mod h1:+fYvesbYhl+SybsBJO4A6S5zrFHSTgLL28Ut2NZxqYs=
github.com/anti-raid/spintrack v0.15.1 h1:R7YJj0EatpbnzQ/62QkTJu4/B/3Z2vd7b2tua0k+h4Y=
github.com/anti-raid/spintrack v0.15.1/go.mod h1:+fYvesbYhl+SybsBJO4A6S5zrFHSTgLL28Ut2NZxqYs=
github.com/anti-raid/spintrack v0.15.2 h1:6KBsbH01BVjiEXiLTSD3eZ4/p9DkazLjAzfMCeQiw6o=
github.com/anti-raid/spintrack v0.15.2/go.mod h1:+fYvesbYhl+SybsBJO4A6S5zrFHSTgLL28Ut2NZxqYs=
github.com/bahlo/generic-list-go v0.2.0 h1:5sz/EEAK+ls5wF+NeqDpk5+iNdMDXrh3z3nPnH1Wvgk=
github.com/bahlo/generic-list-go v0.2.0/go.mod h1:2KvAjgMlE5NNynlg/5iLrrCCZ2+5xWbdbCW3pNTGyYg=
github.com/buger/jsonparser v1.1.1 h1:2PnMjfWD7wBILjqQbt530v576A/cAbQvEW9gGIpYMUs=
github.com/buger/jsonparser v1.1.1/go.mod h1:6RYKKt7H4d4+iWqouImQ9R2FZql3VbhNgx27UK13J/0=
github.com/davecgh/go-spew v1.1.1 h1:vj9j/u1bqnvCEfJOwUhtlOARqs3+rkHYY13jYWTU97c=
github.com/davecgh/go-spew v1.1.1/go.mod h1:J7Y8YcW2NihsgmVo/mv3lAwl/skON4iLHjSsI+c5H38=
github.com/gdamore/encoding v1.0.0/go.mod h1:alR0ol34c49FCSBLjhosxzcPHQbf2trDkoo5dl+VrEg=
github.com/gdamore/encoding v1.0.1 h1:YzKZckdBL6jVt2Gc+5p82qhrGiqMdG/eNs6Wy0u3Uhw=
github.com/gdamore/encoding v1.0.1/go.mod h1:0Z0cMFinngz9kS1QfMjCP8TY7em3bZYeeklsSDPivEo=
github.com/gdamore/tcell/v2 v2.7.4 h1:sg6/UnTM9jGpZU+oFYAsDahfchWAFW8Xx2yFinNSAYU=
github.com/gdamore/tcell/v2 v2.7.4/go.mod h1:dSXtXTSK0VsW1biw65DZLZ2NKr7j0qP/0J7ONmsraWg=
github.com/go-andiamo/splitter v1.2.5 h1:P3NovWMY2V14TJJSolXBvlOmGSZo3Uz+LtTl2bsV/eY=
github.com/go-andiamo/splitter v1.2.5/go.mod h1:8WHU24t9hcMKU5FXDQb1hysSEC/GPuivIp0uKY1J8gw=
github.com/go-viper/mapstructure/v2 v2.2.0 h1:zGE1Kaz78LVwzU0kOfZuqwKKiG1gLkHTZ/cZioHp9po=
github.com/go-viper/mapstructure/v2 v2.2.0/go.mod h1:oJDH3BJKyqBA2TXFhDsKDGDTlndYOZ6rGS0BRZIxGhM=
github.com/josharian/intern v1.0.0/go.mod h1:5DoeVV0s6jJacbCEi61lwdGj/aVlrQvzHFFd8Hwg//Y=
github.com/lucasb-eyer/go-colorful v1.2.0 h1:1nnpGOrhyZZuNyfu1QjKiUICQ74+3FNCN69Aj6K7nkY=
github.com/lucasb-eyer/go-colorful v1.2.0/go.mod h1:R4dSotOR9KMtayYi1e77YzuveK+i7ruzyGqttikkLy0=
github.com/mailru/easyjson v0.7.7 h1:UGYAvKxe3sBsEDzO8ZeWOSlIQfWFlxbzLZe7hwFURr0=
github.com/mailru/easyjson v0.7.7/go.mod h1:xzfreul335JAWq5oZzymOObrkdz5UnU4kGfJJLY9Nlc=
github.com/mattn/go-runewidth v0.0.3/go.mod h1:LwmH8dsx7+W8Uxz3IHJYH5QSwggIsqBzpuz5H//U1FU=
github.com/mattn/go-runewidth v0.0.15/go.mod h1:Jdepj2loyihRzMpdS35Xk/zdY8IAYHsh153qUoGf23w=
github.com/mattn/go-runewidth v0.0.16 h1:E5ScNMtiwvlvB5paMFdw9p4kSQzbXFikJ5SQO6TULQc=
github.com/mattn/go-runewidth v0.0.16/go.mod h1:Jdepj2loyihRzMpdS35Xk/zdY8IAYHsh153qUoGf23w=
github.com/peterh/liner v1.2.2 h1:aJ4AOodmL+JxOZZEL2u9iJf8omNRpqHc/EbrK+3mAXw=
github.com/peterh/liner v1.2.2/go.mod h1:xFwJyiKIXJZUKItq5dGHZSTBRAuG/CpeNpWLyiNRNwI=
github.com/pkg/browser v0.0.0-20240102092130-5ac0b6a4141c h1:+mdjkGKdHQG3305AYmdv1U2eRNDiU2ErMBj1gwrq8eQ=
github.com/pkg/browser v0.0.0-20240102092130-5ac0b6a4141c/go.mod h1:7rwL4CYBLnjLxUqIJNnCWiEdr3bn6IUYi15bNlnbCCU=
github.com/pmezard/go-difflib v1.0.0 h1:4DBwDE0NGyQoBHbLQYPwSUPoCMWR5BEzIk/f1lZbAQM=
github.com/pmezard/go-difflib v1.0.0/go.mod h1:iKH77koFhYxTK1pcRnkKkqfTogsbg7gZNVY4sRDYZ/4=
github.com/rivo/tview v0.0.0-20240921122403-a64fc48d7654 h1:oa+fljZiaJUVyiT7WgIM3OhirtwBm0LJA97LvWUlBu8=
github.com/rivo/tview v0.0.0-20240921122403-a64fc48d7654/go.mod h1:02iFIz7K/A9jGCvrizLPvoqr4cEIx7q54RH5Qudkrss=
github.com/rivo/uniseg v0.2.0/go.mod h1:J6wj4VEh+S6ZtnVlnTBMWIodfgj8LQOQFoIToxlJtxc=
github.com/rivo/uniseg v0.4.3/go.mod h1:FN3SvrM+Zdj16jyLfmOkMNblXMcoc8DfTHruCPUcx88=
github.com/rivo/uniseg v0.4.7 h1:WUdvkW8uEhrYfLC4ZzdpI2ztxP1I582+49Oc5Mq64VQ=
github.com/rivo/uniseg v0.4.7/go.mod h1:FN3SvrM+Zdj16jyLfmOkMNblXMcoc8DfTHruCPUcx88=
github.com/spewerspew/spew v0.0.0-20230513223542-89b69fbbe2bd h1:csraKifkLpqDClUIbFTetjtraueL1KUhKBm6okL+ug4=
github.com/spewerspew/spew v0.0.0-20230513223542-89b69fbbe2bd/go.mod h1:cyGycBxnlCATLUv5jtPwaHnkiYomNWzXQougLmaCTzU=
github.com/stretchr/testify v1.9.0 h1:HtqpIVDClZ4nwg75+f6Lvsy/wHu+3BoSGCbBAcpTsTg=
github.com/stretchr/testify v1.9.0/go.mod h1:r2ic/lqez/lEtzL7wO/rwa5dbSLXVDPFyf8C91i36aY=
github.com/wk8/go-ordered-map/v2 v2.1.8 h1:5h/BUHu93oj4gIdvHHHGsScSTMijfx5PeYkE/fJgbpc=
github.com/wk8/go-ordered-map/v2 v2.1.8/go.mod h1:5nJHM5DyteebpVlHnWMV0rPz6Zp7+xBAnxjb1X5vnTw=
github.com/yuin/goldmark v1.4.13/go.mod h1:6yULJ656Px+3vBD8DxQVa3kxgyrAnzto9xy5taEt/CY=
golang.org/x/crypto v0.0.0-20190308221718-c2843e01d9a2/go.mod h1:djNgcEr1/C05ACkg1iLfiJU5Ep61QUkGW8qpdssI0+w=
golang.org/x/crypto v0.0.0-20210921155107-089bfa567519/go.mod h1:GvvjBRRGRdwPK5ydBHafDWAxML/pGHZbMvKqRZ5+Abc=
golang.org/x/mod v0.6.0-dev.0.20220419223038-86c51ed26bb4/go.mod h1:jJ57K6gSWd91VN4djpZkiMVwK6gcyfeH4XE8wZrZaV4=
golang.org/x/mod v0.8.0/go.mod h1:iBbtSCu2XBx23ZKBPSOrRkjjQPZFPuis4dIYUhu/chs=
golang.org/x/net v0.0.0-20190620200207-3b0461eec859/go.mod h1:z5CRVTTTmAJ677TzLLGU+0bjPO0LkuOLi4/5GtJWs/s=
golang.org/x/net v0.0.0-20210226172049-e18ecbb05110/go.mod h1:m0MpNAwzfU5UDzcl9v0D8zg8gWTRqZa9RBIspLL5mdg=
golang.org/x/net v0.0.0-20220722155237-a158d28d115b/go.mod h1:XRhObCWvk6IyKnWLug+ECip1KBveYUHfp+8e9klMJ9c=
golang.org/x/net v0.6.0/go.mod h1:2Tu9+aMcznHK/AK1HMvgo6xiTLG5rD5rZLDS+rp2Bjs=
golang.org/x/sync v0.0.0-20190423024810-112230192c58/go.mod h1:RxMgew5VJxzue5/jJTE5uejpjVlOe/izrB70Jof72aM=
golang.org/x/sync v0.0.0-20220722155255-886fb9371eb4/go.mod h1:RxMgew5VJxzue5/jJTE5uejpjVlOe/izrB70Jof72aM=
golang.org/x/sync v0.1.0/go.mod h1:RxMgew5VJxzue5/jJTE5uejpjVlOe/izrB70Jof72aM=
golang.org/x/sys v0.0.0-20190215142949-d0b11bdaac8a/go.mod h1:STP8DvDyc/dI5b8T5hshtkjS+E42TnysNCUPdjciGhY=
golang.org/x/sys v0.0.0-20201119102817-f84b799fce68/go.mod h1:h1NjWce9XRLGQEsW7wpKNCjG9DtNlClVuFLEZdDNbEs=
golang.org/x/sys v0.0.0-20210615035016-665e8c7367d1/go.mod h1:oPkhp1MJrh7nUepCBck5+mAzfO9JrbApNNgaTdGDITg=
golang.org/x/sys v0.0.0-20211117180635-dee7805ff2e1/go.mod h1:oPkhp1MJrh7nUepCBck5+mAzfO9JrbApNNgaTdGDITg=
golang.org/x/sys v0.0.0-20220520151302-bc2c85ada10a/go.mod h1:oPkhp1MJrh7nUepCBck5+mAzfO9JrbApNNgaTdGDITg=
golang.org/x/sys v0.0.0-20220722155257-8c9f86f7a55f/go.mod h1:oPkhp1MJrh7nUepCBck5+mAzfO9JrbApNNgaTdGDITg=
golang.org/x/sys v0.1.0/go.mod h1:oPkhp1MJrh7nUepCBck5+mAzfO9JrbApNNgaTdGDITg=
golang.org/x/sys v0.5.0/go.mod h1:oPkhp1MJrh7nUepCBck5+mAzfO9JrbApNNgaTdGDITg=
golang.org/x/sys v0.17.0/go.mod h1:/VUhepiaJMQUp4+oa/7Zr1D23ma6VTLIYjOOTFZPUcA=
golang.org/x/sys v0.25.0 h1:r+8e+loiHxRqhXVl6ML1nO3l1+oFoWbnlu2Ehimmi34=
golang.org/x/sys v0.25.0/go.mod h1:/VUhepiaJMQUp4+oa/7Zr1D23ma6VTLIYjOOTFZPUcA=
golang.org/x/term v0.0.0-20201126162022-7de9c90e9dd1/go.mod h1:bj7SfCRtBDWHUb9snDiAeCFNEtKQo2Wmx5Cou7ajbmo=
golang.org/x/term v0.0.0-20210927222741-03fcf44c2211/go.mod h1:jbD1KX2456YbFQfuXm/mYQcufACuNUgVhRMnK/tPxf8=
golang.org/x/term v0.5.0/go.mod h1:jMB1sMXY+tzblOD4FWmEbocvup2/aLOaQEp7JmGp78k=
golang.org/x/term v0.17.0/go.mod h1:lLRBjIVuehSbZlaOtGMbcMncT+aqLLLmKrsjNrUguwk=
golang.org/x/term v0.24.0 h1:Mh5cbb+Zk2hqqXNO7S1iTjEphVL+jb8ZWaqh/g+JWkM=
golang.org/x/term v0.24.0/go.mod h1:lOBK/LVxemqiMij05LGJ0tzNr8xlmwBRJ81PX6wVLH8=
golang.org/x/text v0.3.0/go.mod h1:NqM8EUOU14njkJ3fqMW+pc6Ldnwhi/IjpwHt7yyuwOQ=
golang.org/x/text v0.3.3/go.mod h1:5Zoc/QRtKVWzQhOtBMvqHzDpF6irO9z98xDceosuGiQ=
golang.org/x/text v0.3.7/go.mod h1:u+2+/6zg+i71rQMx5EYifcz6MCKuco9NR6JIITiCfzQ=
golang.org/x/text v0.7.0/go.mod h1:mrYo+phRRbMaCq/xk9113O4dZlRixOauAjOtrjsXDZ8=
golang.org/x/text v0.14.0/go.mod h1:18ZOQIKpY8NJVqYksKHtTdi31H5itFRjB5/qKTNYzSU=
golang.org/x/text v0.18.0 h1:XvMDiNzPAl0jr17s6W9lcaIhGUfUORdGCNsuLmPG224=
golang.org/x/text v0.18.0/go.mod h1:BuEKDfySbSR4drPmRPG/7iBdf8hvFMuRexcpahXilzY=
golang.org/x/tools v0.0.0-20180917221912-90fa682c2a6e/go.mod h1:n7NCudcB/nEzxVGmLbDWY5pfWTLqBcC2KZ6jyYvM4mQ=
golang.org/x/tools v0.0.0-20191119224855-298f0cb1881e/go.mod h1:b+2E5dAYhXwXZwtnZ6UAqBI28+e2cm9otk0dWdXHAEo=
golang.org/x/tools v0.1.12/go.mod h1:hNGJHUnrk76NpqgfD5Aqm5Crs+Hm0VOH/i9J2+nxYbc=
golang.org/x/tools v0.6.0/go.mod h1:Xwgl3UAJ/d3gWutnCtw505GrjyAbvKui8lOU390QaIU=
golang.org/x/xerrors v0.0.0-20190717185122-a985d3407aa7/go.mod h1:I/5z698sn9Ka8TeJc9MKroUUfqBBauWjQqLJ2OPfmY0=
gopkg.in/check.v1 v0.0.0-20161208181325-20d25e280405 h1:yhCVgyC4o1eVCa2tZl7eS0r+SDo693bJlVdllGtEeKM=
gopkg.in/check.v1 v0.0.0-20161208181325-20d25e280405/go.mod h1:Co6ibVJAznAaIkqp8huTwlJQCZ016jof/cbN4VW5Yz0=
gopkg.in/yaml.v3 v3.0.1 h1:fxVm/GzAzEWqLHuvctI91KS9hhNmmWOoWu0XTYJS7CA=
gopkg.in/yaml.v3 v3.0.1/go.mod h1:K4uyk7z7BCEPqu6E+C64Yfv1cQ7kz7rIZviUmN+EgEM=
